
Microsoft Visual Studio Solution File, Format Version 12.00
# Visual Studio 15
VisualStudioVersion = 15.0.27428.2015
MinimumVisualStudioVersion = 10.0.40219.1
Project("{FAE04EC0-301F-11D3-BF4B-00C04F79EFBC}") = "Nomina", "Nomina\Nomina.csproj", "{325B795A-CDDD-431D-A0D3-32C3056E26CB}"
EndProject
Global
	GlobalSection(SolutionConfigurationPlatforms) = preSolution
		Debug|Any CPU = Debug|Any CPU
		Release|Any CPU = Release|Any CPU
	EndGlobalSection
	GlobalSection(ProjectConfigurationPlatforms) = postSolution
		{325B795A-CDDD-431D-A0D3-32C3056E26CB}.Debug|Any CPU.ActiveCfg = Debug|Any CPU
		{325B795A-CDDD-431D-A0D3-32C3056E26CB}.Debug|Any CPU.Build.0 = Debug|Any CPU
		{325B795A-CDDD-431D-A0D3-32C3056E26CB}.Release|Any CPU.ActiveCfg = Release|Any CPU
		{325B795A-CDDD-431D-A0D3-32C3056E26CB}.Release|Any CPU.Build.0 = Release|Any CPU
	EndGlobalSection
	GlobalSection(SolutionProperties) = preSolution
		HideSolutionNode = FALSE
	EndGlobalSection
	GlobalSection(ExtensibilityGlobals) = postSolution
		SolutionGuid = {E375B5DC-B0F4-41AE-AFCB-4533EBC166C6}
	EndGlobalSection
EndGlobal
